
Microsoft Visual Studio Solution File, Format Version 12.00
# Visual Studio Version 17
VisualStudioVersion = 17.8.34309.116
MinimumVisualStudioVersion = 10.0.40219.1
Project("{9A19103F-16F7-4668-BE54-9A1E7A4F7556}") = "OSynchronica5", "OSynchronica5.csproj", "{9DA0B767-BBDC-4131-9800-303A1956834E}"
EndProject
Project("{FAE04EC0-301F-11D3-BF4B-00C04F79EFBC}") = "SynchronicaFumenLibrary", "..\SynchronicaFumenLibrary\SynchronicaFumenLibrary.csproj", "{7A4C09D8-F4F1-4712-9D65-AC04996844FD}"
EndProject
Project("{9A19103F-16F7-4668-BE54-9A1E7A4F7556}") = "MapsetParser", "..\MapsetParser-master\MapsetParser.csproj", "{99AA7921-22EB-41E3-8DA3-C3D4FC1F46BC}"
EndProject
Global
	GlobalSection(SolutionConfigurationPlatforms) = preSolution
		Debug|Any CPU = Debug|Any CPU
		Debug|x64 = Debug|x64
		Debug|x86 = Debug|x86
		Release|Any CPU = Release|Any CPU
		Release|x64 = Release|x64
		Release|x86 = Release|x86
	EndGlobalSection
	GlobalSection(ProjectConfigurationPlatforms) = postSolution
		{9DA0B767-BBDC-4131-9800-303A1956834E}.Debug|Any CPU.ActiveCfg = Debug|Any CPU
		{9DA0B767-BBDC-4131-9800-303A1956834E}.Debug|Any CPU.Build.0 = Debug|Any CPU
		{9DA0B767-BBDC-4131-9800-303A1956834E}.Debug|x64.ActiveCfg = Debug|Any CPU
		{9DA0B767-BBDC-4131-9800-303A1956834E}.Debug|x64.Build.0 = Debug|Any CPU
		{9DA0B767-BBDC-4131-9800-303A1956834E}.Debug|x86.ActiveCfg = Debug|Any CPU
		{9DA0B767-BBDC-4131-9800-303A1956834E}.Debug|x86.Build.0 = Debug|Any CPU
		{9DA0B767-BBDC-4131-9800-303A1956834E}.Release|Any CPU.ActiveCfg = Release|Any CPU
		{9DA0B767-BBDC-4131-9800-303A1956834E}.Release|Any CPU.Build.0 = Release|Any CPU
		{9DA0B767-BBDC-4131-9800-303A1956834E}.Release|x64.ActiveCfg = Release|Any CPU
		{9DA0B767-BBDC-4131-9800-303A1956834E}.Release|x64.Build.0 = Release|Any CPU
		{9DA0B767-BBDC-4131-9800-303A1956834E}.Release|x86.ActiveCfg = Release|Any CPU
		{9DA0B767-BBDC-4131-9800-303A1956834E}.Release|x86.Build.0 = Release|Any CPU
		{7A4C09D8-F4F1-4712-9D65-AC04996844FD}.Debug|Any CPU.ActiveCfg = Debug|Any CPU
		{7A4C09D8-F4F1-4712-9D65-AC04996844FD}.Debug|Any CPU.Build.0 = Debug|Any CPU
		{7A4C09D8-F4F1-4712-9D65-AC04996844FD}.Debug|x64.ActiveCfg = Debug|Any CPU
		{7A4C09D8-F4F1-4712-9D65-AC04996844FD}.Debug|x64.Build.0 = Debug|Any CPU
		{7A4C09D8-F4F1-4712-9D65-AC04996844FD}.Debug|x86.ActiveCfg = Debug|Any CPU
		{7A4C09D8-F4F1-4712-9D65-AC04996844FD}.Debug|x86.Build.0 = Debug|Any CPU
		{7A4C09D8-F4F1-4712-9D65-AC04996844FD}.Release|Any CPU.ActiveCfg = Release|Any CPU
		{7A4C09D8-F4F1-4712-9D65-AC04996844FD}.Release|Any CPU.Build.0 = Release|Any CPU
		{7A4C09D8-F4F1-4712-9D65-AC04996844FD}.Release|x64.ActiveCfg = Release|Any CPU
		{7A4C09D8-F4F1-4712-9D65-AC04996844FD}.Release|x64.Build.0 = Release|Any CPU
		{7A4C09D8-F4F1-4712-9D65-AC04996844FD}.Release|x86.ActiveCfg = Release|Any CPU
		{7A4C09D8-F4F1-4712-9D65-AC04996844FD}.Release|x86.Build.0 = Release|Any CPU
		{99AA7921-22EB-41E3-8DA3-C3D4FC1F46BC}.Debug|Any CPU.ActiveCfg = Debug|Any CPU
		{99AA7921-22EB-41E3-8DA3-C3D4FC1F46BC}.Debug|Any CPU.Build.0 = Debug|Any CPU
		{99AA7921-22EB-41E3-8DA3-C3D4FC1F46BC}.Debug|x64.ActiveCfg = Debug|Any CPU
		{99AA7921-22EB-41E3-8DA3-C3D4FC1F46BC}.Debug|x64.Build.0 = Debug|Any CPU
		{99AA7921-22EB-41E3-8DA3-C3D4FC1F46BC}.Debug|x86.ActiveCfg = Debug|Any CPU
		{99AA7921-22EB-41E3-8DA3-C3D4FC1F46BC}.Debug|x86.Build.0 = Debug|Any CPU
		{99AA7921-22EB-41E3-8DA3-C3D4FC1F46BC}.Release|Any CPU.ActiveCfg = Release|Any CPU
		{99AA7921-22EB-41E3-8DA3-C3D4FC1F46BC}.Release|Any CPU.Build.0 = Release|Any CPU
		{99AA7921-22EB-41E3-8DA3-C3D4FC1F46BC}.Release|x64.ActiveCfg = Release|Any CPU
		{99AA7921-22EB-41E3-8DA3-C3D4FC1F46BC}.Release|x64.Build.0 = Release|Any CPU
		{99AA7921-22EB-41E3-8DA3-C3D4FC1F46BC}.Release|x86.ActiveCfg = Release|Any CPU
		{99AA7921-22EB-41E3-8DA3-C3D4FC1F46BC}.Release|x86.Build.0 = Release|Any CPU
	EndGlobalSection
	GlobalSection(SolutionProperties) = preSolution
		HideSolutionNode = FALSE
	EndGlobalSection
	GlobalSection(ExtensibilityGlobals) = postSolution
		SolutionGuid = {CA314C1C-7A3A-4391-B682-8E3035D08A55}
	EndGlobalSection
EndGlobal
